
Microsoft Visual Studio Solution File, Format Version 12.00
# Visual Studio 2015
Project("{FAE04EC0-301F-11D3-BF4B-00C04F79EFBC}") = "DeepSpace-814dd3423e94860dc6a5f3478cddd47192dfdf30", "DeepSpace-814dd3423e94860dc6a5f3478cddd47192dfdf30.csproj", "{7BCB9865-871D-D3F7-9C37-E09BE3BD0693}"
EndProject
Project("{FAE04EC0-301F-11D3-BF4B-00C04F79EFBC}") = "DeepSpace-814dd3423e94860dc6a5f3478cddd47192dfdf30.Editor", "DeepSpace-814dd3423e94860dc6a5f3478cddd47192dfdf30.Editor.csproj", "{284181F4-D8BA-7443-7350-18105199828F}"
EndProject
Global
	GlobalSection(SolutionConfigurationPlatforms) = preSolution
		Debug|Any CPU = Debug|Any CPU
		Release|Any CPU = Release|Any CPU
	EndGlobalSection
	GlobalSection(ProjectConfigurationPlatforms) = postSolution
		{7BCB9865-871D-D3F7-9C37-E09BE3BD0693}.Debug|Any CPU.ActiveCfg = Debug|Any CPU
		{7BCB9865-871D-D3F7-9C37-E09BE3BD0693}.Debug|Any CPU.Build.0 = Debug|Any CPU
		{7BCB9865-871D-D3F7-9C37-E09BE3BD0693}.Release|Any CPU.ActiveCfg = Release|Any CPU
		{7BCB9865-871D-D3F7-9C37-E09BE3BD0693}.Release|Any CPU.Build.0 = Release|Any CPU
		{284181F4-D8BA-7443-7350-18105199828F}.Debug|Any CPU.ActiveCfg = Debug|Any CPU
		{284181F4-D8BA-7443-7350-18105199828F}.Debug|Any CPU.Build.0 = Debug|Any CPU
		{284181F4-D8BA-7443-7350-18105199828F}.Release|Any CPU.ActiveCfg = Release|Any CPU
		{284181F4-D8BA-7443-7350-18105199828F}.Release|Any CPU.Build.0 = Release|Any CPU
	EndGlobalSection
	GlobalSection(SolutionProperties) = preSolution
		HideSolutionNode = FALSE
	EndGlobalSection
EndGlobal
